// !$*UTF8*$!
{
	archiveVersion = 1;
	classes = {
	};
	objectVersion = 46;
	objects = {

/* Begin PBXBuildFile section */
		6096DD741B844B1C00BD59A7 /* main.m in Sources */ = {isa = PBXBuildFile; fileRef = 6096DD731B844B1C00BD59A7 /* main.m */; };
		6096DD771B844B1C00BD59A7 /* AppDelegate.m in Sources */ = {isa = PBXBuildFile; fileRef = 6096DD761B844B1C00BD59A7 /* AppDelegate.m */; };
		6096DD7A1B844B1C00BD59A7 /* ViewController.m in Sources */ = {isa = PBXBuildFile; fileRef = 6096DD791B844B1C00BD59A7 /* ViewController.m */; };
		6096DD7D1B844B1C00BD59A7 /* Main.storyboard in Resources */ = {isa = PBXBuildFile; fileRef = 6096DD7B1B844B1C00BD59A7 /* Main.storyboard */; };
		6096DD7F1B844B1C00BD59A7 /* Images.xcassets in Resources */ = {isa = PBXBuildFile; fileRef = 6096DD7E1B844B1C00BD59A7 /* Images.xcassets */; };
		6096DD821B844B1C00BD59A7 /* LaunchScreen.xib in Resources */ = {isa = PBXBuildFile; fileRef = 6096DD801B844B1C00BD59A7 /* LaunchScreen.xib */; };
		6096DD8E1B844B1C00BD59A7 /* sourcetreeTests.m in Sources */ = {isa = PBXBuildFile; fileRef = 6096DD8D1B844B1C00BD59A7 /* sourcetreeTests.m */; };
/* End PBXBuildFile section */

/* Begin PBXContainerItemProxy section */
		6096DD881B844B1C00BD59A7 /* PBXContainerItemProxy */ = {
			isa = PBXContainerItemProxy;
			containerPortal = 6096DD661B844B1C00BD59A7 /* Project object */;
			proxyType = 1;
			remoteGlobalIDString = 6096DD6D1B844B1C00BD59A7;
			remoteInfo = sourcetree;
		};
/* End PBXContainerItemProxy section */

/* Begin PBXFileReference section */
		6096DD6E1B844B1C00BD59A7 /* sourcetree.app */ = {isa = PBXFileReference; explicitFileType = wrapper.application; includeInIndex = 0; path = sourcetree.app; sourceTree = BUILT_PRODUCTS_DIR; };
		6096DD721B844B1C00BD59A7 /* Info.plist */ = {isa = PBXFileReference; lastKnownFileType = text.plist.xml; path = Info.plist; sourceTree = "<group>"; };
		6096DD731B844B1C00BD59A7 /* main.m */ = {isa = PBXFileReference; lastKnownFileType = sourcecode.c.objc; path = main.m; sourceTree = "<group>"; };
		6096DD751B844B1C00BD59A7 /* AppDelegate.h */ = {isa = PBXFileReference; lastKnownFileType = sourcecode.c.h; path = AppDelegate.h; sourceTree = "<group>"; };
		6096DD761B844B1C00BD59A7 /* AppDelegate.m */ = {isa = PBXFileReference; lastKnownFileType = sourcecode.c.objc; path = AppDelegate.m; sourceTree = "<group>"; };
		6096DD781B844B1C00BD59A7 /* ViewController.h */ = {isa = PBXFileReference; lastKnownFileType = sourcecode.c.h; path = ViewController.h; sourceTree = "<group>"; };
		6096DD791B844B1C00BD59A7 /* ViewController.m */ = {isa = PBXFileReference; lastKnownFileType = sourcecode.c.objc; path = ViewController.m; sourceTree = "<group>"; };
		6096DD7C1B844B1C00BD59A7 /* Base */ = {isa = PBXFileReference; lastKnownFileType = file.storyboard; name = Base; path = Base.lproj/Main.storyboard; sourceTree = "<group>"; };
		6096DD7E1B844B1C00BD59A7 /* Images.xcassets */ = {isa = PBXFileReference; lastKnownFileType = folder.assetcatalog; path = Images.xcassets; sourceTree = "<group>"; };
		6096DD811B844B1C00BD59A7 /* Base */ = {isa = PBXFileReference; lastKnownFileType = file.xib; name = Base; path = Base.lproj/LaunchScreen.xib; sourceTree = "<group>"; };
		6096DD871B844B1C00BD59A7 /* sourcetreeTests.xctest */ = {isa = PBXFileReference; explicitFileType = wrapper.cfbundle; includeInIndex = 0; path = sourcetreeTests.xctest; sourceTree = BUILT_PRODUCTS_DIR; };
		6096DD8C1B844B1C00BD59A7 /* Info.plist */ = {isa = PBXFileReference; lastKnownFileType = text.plist.xml; path = Info.plist; sourceTree = "<group>"; };
		6096DD8D1B844B1C00BD59A7 /* sourcetreeTests.m */ = {isa = PBXFileReference; lastKnownFileType = sourcecode.c.objc; path = sourcetreeTests.m; sourceTree = "<group>"; };
/* End PBXFileReference section */

/* Begin PBXFrameworksBuildPhase section */
		6096DD6B1B844B1C00BD59A7 /* Frameworks */ = {
			isa = PBXFrameworksBuildPhase;
			buildActionMask = 2147483647;
			files = (
			);
			runOnlyForDeploymentPostprocessing = 0;
		};
		6096DD841B844B1C00BD59A7 /* Frameworks */ = {
			isa = PBXFrameworksBuildPhase;
			buildActionMask = 2147483647;
			files = (
			);
			runOnlyForDeploymentPostprocessing = 0;
		};
/* End PBXFrameworksBuildPhase section */

/* Begin PBXGroup section */
		6096DD651B844B1C00BD59A7 = {
			isa = PBXGroup;
			children = (
				6096DD701B844B1C00BD59A7 /* sourcetree */,
				6096DD8A1B844B1C00BD59A7 /* sourcetreeTests */,
				6096DD6F1B844B1C00BD59A7 /* Products */,
			);
			sourceTree = "<group>";
		};
		6096DD6F1B844B1C00BD59A7 /* Products */ = {
			isa = PBXGroup;
			children = (
				6096DD6E1B844B1C00BD59A7 /* sourcetree.app */,
				6096DD871B844B1C00BD59A7 /* sourcetreeTests.xctest */,
			);
			name = Products;
			sourceTree = "<group>";
		};
		6096DD701B844B1C00BD59A7 /* sourcetree */ = {
			isa = PBXGroup;
			children = (
				6096DD751B844B1C00BD59A7 /* AppDelegate.h */,
				6096DD761B844B1C00BD59A7 /* AppDelegate.m */,
				6096DD781B844B1C00BD59A7 /* ViewController.h */,
				6096DD791B844B1C00BD59A7 /* ViewController.m */,
				6096DD7B1B844B1C00BD59A7 /* Main.storyboard */,
				6096DD7E1B844B1C00BD59A7 /* Images.xcassets */,
				6096DD801B844B1C00BD59A7 /* LaunchScreen.xib */,
				6096DD711B844B1C00BD59A7 /* Supporting Files */,
			);
			path = sourcetree;
			sourceTree = "<group>";
		};
		6096DD711B844B1C00BD59A7 /* Supporting Files */ = {
			isa = PBXGroup;
			children = (
				6096DD721B844B1C00BD59A7 /* Info.plist */,
				6096DD731B844B1C00BD59A7 /* main.m */,
			);
			name = "Supporting Files";
			sourceTree = "<group>";
		};
		6096DD8A1B844B1C00BD59A7 /* sourcetreeTests */ = {
			isa = PBXGroup;
			children = (
				6096DD8D1B844B1C00BD59A7 /* sourcetreeTests.m */,
				6096DD8B1B844B1C00BD59A7 /* Supporting Files */,
			);
			path = sourcetreeTests;
			sourceTree = "<group>";
		};
		6096DD8B1B844B1C00BD59A7 /* Supporting Files */ = {
			isa = PBXGroup;
			children = (
				6096DD8C1B844B1C00BD59A7 /* Info.plist */,
			);
			name = "Supporting Files";
			sourceTree = "<group>";
		};
/* End PBXGroup section */

/* Begin PBXNativeTarget section */
		6096DD6D1B844B1C00BD59A7 /* sourcetree */ = {
			isa = PBXNativeTarget;
			buildConfigurationList = 6096DD911B844B1C00BD59A7 /* Build configuration list for PBXNativeTarget "sourcetree" */;
			buildPhases = (
				6096DD6A1B844B1C00BD59A7 /* Sources */,
				6096DD6B1B844B1C00BD59A7 /* Frameworks */,
				6096DD6C1B844B1C00BD59A7 /* Resources */,
			);
			buildRules = (
			);
			dependencies = (
			);
			name = sourcetree;
			productName = sourcetree;
			productReference = 6096DD6E1B844B1C00BD59A7 /* sourcetree.app */;
			productType = "com.apple.product-type.application";
		};
		6096DD861B844B1C00BD59A7 /* sourcetreeTests */ = {
			isa = PBXNativeTarget;
			buildConfigurationList = 6096DD941B844B1C00BD59A7 /* Build configuration list for PBXNativeTarget "sourcetreeTests" */;
			buildPhases = (
				6096DD831B844B1C00BD59A7 /* Sources */,
				6096DD841B844B1C00BD59A7 /* Frameworks */,
				6096DD851B844B1C00BD59A7 /* Resources */,
			);
			buildRules = (
			);
			dependencies = (
				6096DD891B844B1C00BD59A7 /* PBXTargetDependency */,
			);
			name = sourcetreeTests;
			productName = sourcetreeTests;
			productReference = 6096DD871B844B1C00BD59A7 /* sourcetreeTests.xctest */;
			productType = "com.apple.product-type.bundle.unit-test";
		};
/* End PBXNativeTarget section */

/* Begin PBXProject section */
		6096DD661B844B1C00BD59A7 /* Project object */ = {
			isa = PBXProject;
			attributes = {
				LastUpgradeCheck = 0640;
				ORGANIZATIONNAME = "赵金鹏";
				TargetAttributes = {
					6096DD6D1B844B1C00BD59A7 = {
						CreatedOnToolsVersion = 6.4;
					};
					6096DD861B844B1C00BD59A7 = {
						CreatedOnToolsVersion = 6.4;
						TestTargetID = 6096DD6D1B844B1C00BD59A7;
					};
				};
			};
			buildConfigurationList = 6096DD691B844B1C00BD59A7 /* Build configuration list for PBXProject "sourcetree" */;
			compatibilityVersion = "Xcode 3.2";
			developmentRegion = English;
			hasScannedForEncodings = 0;
			knownRegions = (
				en,
				Base,
			);
			mainGroup = 6096DD651B844B1C00BD59A7;
			productRefGroup = 6096DD6F1B844B1C00BD59A7 /* Products */;
			projectDirPath = "";
			projectRoot = "";
			targets = (
				6096DD6D1B844B1C00BD59A7 /* sourcetree */,
				6096DD861B844B1C00BD59A7 /* sourcetreeTests */,
			);
		};
/* End PBXProject section */

/* Begin PBXResourcesBuildPhase section */
		6096DD6C1B844B1C00BD59A7 /* Resources */ = {
			isa = PBXResourcesBuildPhase;
			buildActionMask = 2147483647;
			files = (
				6096DD7D1B844B1C00BD59A7 /* Main.storyboard in Resources */,
				6096DD821B844B1C00BD59A7 /* LaunchScreen.xib in Resources */,
				6096DD7F1B844B1C00BD59A7 /* Images.xcassets in Resources */,
			);
			runOnlyForDeploymentPostprocessing = 0;
		};
		6096DD851B844B1C00BD59A7 /* Resources */ = {
			isa = PBXResourcesBuildPhase;
			buildActionMask = 2147483647;
			files = (
			);
			runOnlyForDeploymentPostprocessing = 0;
		};
/* End PBXResourcesBuildPhase section */

/* Begin PBXSourcesBuildPhase section */
		6096DD6A1B844B1C00BD59A7 /* Sources */ = {
			isa = PBXSourcesBuildPhase;
			buildActionMask = 2147483647;
			files = (
				6096DD7A1B844B1C00BD59A7 /* ViewController.m in Sources */,
				6096DD771B844B1C00BD59A7 /* AppDelegate.m in Sources */,
				6096DD741B844B1C00BD59A7 /* main.m in Sources */,
			);
			runOnlyForDeploymentPostprocessing = 0;
		};
		6096DD831B844B1C00BD59A7 /* Sources */ = {
			isa = PBXSourcesBuildPhase;
			buildActionMask = 2147483647;
			files = (
				6096DD8E1B844B1C00BD59A7 /* sourcetreeTests.m in Sources */,
			);
			runOnlyForDeploymentPostprocessing = 0;
		};
/* End PBXSourcesBuildPhase section */

/* Begin PBXTargetDependency section */
		6096DD891B844B1C00BD59A7 /* PBXTargetDependency */ = {
			isa = PBXTargetDependency;
			target = 6096DD6D1B844B1C00BD59A7 /* sourcetree */;
			targetProxy = 6096DD881B844B1C00BD59A7 /* PBXContainerItemProxy */;
		};
/* End PBXTargetDependency section */

/* Begin PBXVariantGroup section */
		6096DD7B1B844B1C00BD59A7 /* Main.storyboard */ = {
			isa = PBXVariantGroup;
			children = (
				6096DD7C1B844B1C00BD59A7 /* Base */,
			);
			name = Main.storyboard;
			sourceTree = "<group>";
		};
		6096DD801B844B1C00BD59A7 /* LaunchScreen.xib */ = {
			isa = PBXVariantGroup;
			children = (
				6096DD811B844B1C00BD59A7 /* Base */,
			);
			name = LaunchScreen.xib;
			sourceTree = "<group>";
		};
/* End PBXVariantGroup section */

/* Begin XCBuildConfiguration section */
		6096DD8F1B844B1C00BD59A7 /* Debug */ = {
			isa = XCBuildConfiguration;
			buildSettings = {
				ALWAYS_SEARCH_USER_PATHS = NO;
				CLANG_CXX_LANGUAGE_STANDARD = "gnu++0x";
				CLANG_CXX_LIBRARY = "libc++";
				CLANG_ENABLE_MODULES = YES;
				CLANG_ENABLE_OBJC_ARC = YES;
				CLANG_WARN_BOOL_CONVERSION = YES;
				CLANG_WARN_CONSTANT_CONVERSION = YES;
				CLANG_WARN_DIRECT_OBJC_ISA_USAGE = YES_ERROR;
				CLANG_WARN_EMPTY_BODY = YES;
				CLANG_WARN_ENUM_CONVERSION = YES;
				CLANG_WARN_INT_CONVERSION = YES;
				CLANG_WARN_OBJC_ROOT_CLASS = YES_ERROR;
				CLANG_WARN_UNREACHABLE_CODE = YES;
				CLANG_WARN__DUPLICATE_METHOD_MATCH = YES;
				"CODE_SIGN_IDENTITY[sdk=iphoneos*]" = "iPhone Developer";
				COPY_PHASE_STRIP = NO;
				DEBUG_INFORMATION_FORMAT = "dwarf-with-dsym";
				ENABLE_STRICT_OBJC_MSGSEND = YES;
				GCC_C_LANGUAGE_STANDARD = gnu99;
				GCC_DYNAMIC_NO_PIC = NO;
				GCC_NO_COMMON_BLOCKS = YES;
				GCC_OPTIMIZATION_LEVEL = 0;
				GCC_PREPROCESSOR_DEFINITIONS = (
					"DEBUG=1",
					"$(inherited)",
				);
				GCC_SYMBOLS_PRIVATE_EXTERN = NO;
				GCC_WARN_64_TO_32_BIT_CONVERSION = YES;
				GCC_WARN_ABOUT_RETURN_TYPE = YES_ERROR;
				GCC_WARN_UNDECLARED_SELECTOR = YES;
				GCC_WARN_UNINITIALIZED_AUTOS = YES_AGGRESSIVE;
				GCC_WARN_UNUSED_FUNCTION = YES;
				GCC_WARN_UNUSED_VARIABLE = YES;
				IPHONEOS_DEPLOYMENT_TARGET = 8.4;
				MTL_ENABLE_DEBUG_INFO = YES;
				ONLY_ACTIVE_ARCH = YES;
				SDKROOT = iphoneos;
				TARGETED_DEVICE_FAMILY = "1,2";
			};
			name = Debug;
		};
		6096DD901B844B1C00BD59A7 /* Release */ = {
			isa = XCBuildConfiguration;
			buildSettings = {
				ALWAYS_SEARCH_USER_PATHS = NO;
				CLANG_CXX_LANGUAGE_STANDARD = "gnu++0x";
				CLANG_CXX_LIBRARY = "libc++";
				CLANG_ENABLE_MODULES = YES;
				CLANG_ENABLE_OBJC_ARC = YES;
				CLANG_WARN_BOOL_CONVERSION = YES;
				CLANG_WARN_CONSTANT_CONVERSION = YES;
				CLANG_WARN_DIRECT_OBJC_ISA_USAGE = YES_ERROR;
				CLANG_WARN_EMPTY_BODY = YES;
				CLANG_WARN_ENUM_CONVERSION = YES;
				CLANG_WARN_INT_CONVERSION = YES;
				CLANG_WARN_OBJC_ROOT_CLASS = YES_ERROR;
				CLANG_WARN_UNREACHABLE_CODE = YES;
				CLANG_WARN__DUPLICATE_METHOD_MATCH = YES;
				"CODE_SIGN_IDENTITY[sdk=iphoneos*]" = "iPhone Developer";
				COPY_PHASE_STRIP = NO;
				DEBUG_INFORMATION_FORMAT = "dwarf-with-dsym";
				ENABLE_NS_ASSERTIONS = NO;
				ENABLE_STRICT_OBJC_MSGSEND = YES;
				GCC_C_LANGUAGE_STANDARD = gnu99;
				GCC_NO_COMMON_BLOCKS = YES;
				GCC_WARN_64_TO_32_BIT_CONVERSION = YES;
				GCC_WARN_ABOUT_RETURN_TYPE = YES_ERROR;
				GCC_WARN_UNDECLARED_SELECTOR = YES;
				GCC_WARN_UNINITIALIZED_AUTOS = YES_AGGRESSIVE;
				GCC_WARN_UNUSED_FUNCTION = YES;
				GCC_WARN_UNUSED_VARIABLE = YES;
				IPHONEOS_DEPLOYMENT_TARGET = 8.4;
				MTL_ENABLE_DEBUG_INFO = NO;
				SDKROOT = iphoneos;
				TARGETED_DEVICE_FAMILY = "1,2";
				VALIDATE_PRODUCT = YES;
			};
			name = Release;
		};
		6096DD921B844B1C00BD59A7 /* Debug */ = {
			isa = XCBuildConfiguration;
			buildSettings = {
				ASSETCATALOG_COMPILER_APPICON_NAME = AppIcon;
				INFOPLIST_FILE = sourcetree/Info.plist;
				LD_RUNPATH_SEARCH_PATHS = "$(inherited) @executable_path/Frameworks";
				PRODUCT_NAME = "$(TARGET_NAME)";
			};
			name = Debug;
		};
		6096DD931B844B1C00BD59A7 /* Release */ = {
			isa = XCBuildConfiguration;
			buildSettings = {
				ASSETCATALOG_COMPILER_APPICON_NAME = AppIcon;
				INFOPLIST_FILE = sourcetree/Info.plist;
				LD_RUNPATH_SEARCH_PATHS = "$(inherited) @executable_path/Frameworks";
				PRODUCT_NAME = "$(TARGET_NAME)";
			};
			name = Release;
		};
		6096DD951B844B1C00BD59A7 /* Debug */ = {
			isa = XCBuildConfiguration;
			buildSettings = {
				BUNDLE_LOADER = "$(TEST_HOST)";
				FRAMEWORK_SEARCH_PATHS = (
					"$(SDKROOT)/Developer/Library/Frameworks",
					"$(inherited)",
				);
				GCC_PREPROCESSOR_DEFINITIONS = (
					"DEBUG=1",
					"$(inherited)",
				);
				INFOPLIST_FILE = sourcetreeTests/Info.plist;
				LD_RUNPATH_SEARCH_PATHS = "$(inherited) @executable_path/Frameworks @loader_path/Frameworks";
				PRODUCT_NAME = "$(TARGET_NAME)";
				TEST_HOST = "$(BUILT_PRODUCTS_DIR)/sourcetree.app/sourcetree";
			};
			name = Debug;
		};
		6096DD961B844B1C00BD59A7 /* Release */ = {
			isa = XCBuildConfiguration;
			buildSettings = {
				BUNDLE_LOADER = "$(TEST_HOST)";
				FRAMEWORK_SEARCH_PATHS = (
					"$(SDKROOT)/Developer/Library/Frameworks",
					"$(inherited)",
				);
				INFOPLIST_FILE = sourcetreeTests/Info.plist;
				LD_RUNPATH_SEARCH_PATHS = "$(inherited) @executable_path/Frameworks @loader_path/Frameworks";
				PRODUCT_NAME = "$(TARGET_NAME)";
				TEST_HOST = "$(BUILT_PRODUCTS_DIR)/sourcetree.app/sourcetree";
			};
			name = Release;
		};
/* End XCBuildConfiguration section */

/* Begin XCConfigurationList section */
		6096DD691B844B1C00BD59A7 /* Build configuration list for PBXProject "sourcetree" */ = {
			isa = XCConfigurationList;
			buildConfigurations = (
				6096DD8F1B844B1C00BD59A7 /* Debug */,
				6096DD901B844B1C00BD59A7 /* Release */,
			);
			defaultConfigurationIsVisible = 0;
			defaultConfigurationName = Release;
		};
		6096DD911B844B1C00BD59A7 /* Build configuration list for PBXNativeTarget "sourcetree" */ = {
			isa = XCConfigurationList;
			buildConfigurations = (
				6096DD921B844B1C00BD59A7 /* Debug */,
				6096DD931B844B1C00BD59A7 /* Release */,
			);
			defaultConfigurationIsVisible = 0;
		};
		6096DD941B844B1C00BD59A7 /* Build configuration list for PBXNativeTarget "sourcetreeTests" */ = {
			isa = XCConfigurationList;
			buildConfigurations = (
				6096DD951B844B1C00BD59A7 /* Debug */,
				6096DD961B844B1C00BD59A7 /* Release */,
			);
			defaultConfigurationIsVisible = 0;
		};
/* End XCConfigurationList section */
	};
	rootObject = 6096DD661B844B1C00BD59A7 /* Project object */;
}
